
Microsoft Visual Studio Solution File, Format Version 12.00
Project("{FAE04EC0-301F-11D3-BF4B-00C04F79EFBC}") = "CustomerService", "CustomerService\CustomerService.csproj", "{E4826DDC-DE01-44C9-A31F-9534DAFF21BC}"
EndProject
Project("{FAE04EC0-301F-11D3-BF4B-00C04F79EFBC}") = "OrderService", "OrderService\OrderService.csproj", "{6528C070-BB59-40F6-B1A4-F82C8FC33FE8}"
EndProject
Project("{FAE04EC0-301F-11D3-BF4B-00C04F79EFBC}") = "Common", "Common\Common.csproj", "{DE69CB56-66E5-40EA-8C79-84EDFB7CB52C}"
EndProject
Global
	GlobalSection(SolutionConfigurationPlatforms) = preSolution
		Debug|Any CPU = Debug|Any CPU
		Release|Any CPU = Release|Any CPU
	EndGlobalSection
	GlobalSection(ProjectConfigurationPlatforms) = postSolution
		{E4826DDC-DE01-44C9-A31F-9534DAFF21BC}.Debug|Any CPU.ActiveCfg = Debug|Any CPU
		{E4826DDC-DE01-44C9-A31F-9534DAFF21BC}.Debug|Any CPU.Build.0 = Debug|Any CPU
		{E4826DDC-DE01-44C9-A31F-9534DAFF21BC}.Release|Any CPU.ActiveCfg = Release|Any CPU
		{E4826DDC-DE01-44C9-A31F-9534DAFF21BC}.Release|Any CPU.Build.0 = Release|Any CPU
		{6528C070-BB59-40F6-B1A4-F82C8FC33FE8}.Debug|Any CPU.ActiveCfg = Debug|Any CPU
		{6528C070-BB59-40F6-B1A4-F82C8FC33FE8}.Debug|Any CPU.Build.0 = Debug|Any CPU
		{6528C070-BB59-40F6-B1A4-F82C8FC33FE8}.Release|Any CPU.ActiveCfg = Release|Any CPU
		{6528C070-BB59-40F6-B1A4-F82C8FC33FE8}.Release|Any CPU.Build.0 = Release|Any CPU
		{DE69CB56-66E5-40EA-8C79-84EDFB7CB52C}.Debug|Any CPU.ActiveCfg = Debug|Any CPU
		{DE69CB56-66E5-40EA-8C79-84EDFB7CB52C}.Debug|Any CPU.Build.0 = Debug|Any CPU
		{DE69CB56-66E5-40EA-8C79-84EDFB7CB52C}.Release|Any CPU.ActiveCfg = Release|Any CPU
		{DE69CB56-66E5-40EA-8C79-84EDFB7CB52C}.Release|Any CPU.Build.0 = Release|Any CPU
	EndGlobalSection
EndGlobal
